// !$*UTF8*$!
{
	archiveVersion = 1;
	classes = {
	};
	objectVersion = 56;
	objects = {

/* Begin PBXBuildFile section */
		081EB58D2BE275960097E960 /* findPasswordSwiftUIView.swift in Sources */ = {isa = PBXBuildFile; fileRef = 081EB58B2BE275960097E960 /* findPasswordSwiftUIView.swift */; };
		081EB5922BE276970097E960 /* Alamofire in Frameworks */ = {isa = PBXBuildFile; productRef = 081EB5912BE276970097E960 /* Alamofire */; };
		D006759F2BF5136A003A3B89 /* webview.swift in Sources */ = {isa = PBXBuildFile; fileRef = D006759D2BF5136A003A3B89 /* webview.swift */; };
		D007C26D2BDB64EE005F2A29 /* PainTApp.swift in Sources */ = {isa = PBXBuildFile; fileRef = D007C26C2BDB64EE005F2A29 /* PainTApp.swift */; };
		D007C26F2BDB64EE005F2A29 /* ContentView.swift in Sources */ = {isa = PBXBuildFile; fileRef = D007C26E2BDB64EE005F2A29 /* ContentView.swift */; };
		D007C2712BDB64EE005F2A29 /* Item.swift in Sources */ = {isa = PBXBuildFile; fileRef = D007C2702BDB64EE005F2A29 /* Item.swift */; };
		D007C2732BDB64F0005F2A29 /* Assets.xcassets in Resources */ = {isa = PBXBuildFile; fileRef = D007C2722BDB64F0005F2A29 /* Assets.xcassets */; };
		D007C2762BDB64F0005F2A29 /* Preview Assets.xcassets in Resources */ = {isa = PBXBuildFile; fileRef = D007C2752BDB64F0005F2A29 /* Preview Assets.xcassets */; };
		D0273E6E2BE77F8D0052824A /* painRecordInfoTimeSwiftUIView.swift in Sources */ = {isa = PBXBuildFile; fileRef = D0273E6D2BE77F8D0052824A /* painRecordInfoTimeSwiftUIView.swift */; };
		D0273E702BE787BC0052824A /* bottomButtonSwiftUIView.swift in Sources */ = {isa = PBXBuildFile; fileRef = D0273E6F2BE787BC0052824A /* bottomButtonSwiftUIView.swift */; };
		D0273E722BE789A70052824A /* painRecordResultSwiftUIView.swift in Sources */ = {isa = PBXBuildFile; fileRef = D0273E712BE789A70052824A /* painRecordResultSwiftUIView.swift */; };
		D02FB36B2BDEA000009B4875 /* homeSwiftUIView.swift in Sources */ = {isa = PBXBuildFile; fileRef = D02FB36A2BDEA000009B4875 /* homeSwiftUIView.swift */; };
		D02FB3702BDF4427009B4875 /* tabSwiftUIView.swift in Sources */ = {isa = PBXBuildFile; fileRef = D02FB36F2BDF4426009B4875 /* tabSwiftUIView.swift */; };
		D02FB3732BDF451F009B4875 /* painStatSwiftUIView.swift in Sources */ = {isa = PBXBuildFile; fileRef = D02FB3722BDF451F009B4875 /* painStatSwiftUIView.swift */; };
		D02FB3762BDF4555009B4875 /* myPageSwiftUIView.swift in Sources */ = {isa = PBXBuildFile; fileRef = D02FB3752BDF4555009B4875 /* myPageSwiftUIView.swift */; };
		D02FB3792BE00B91009B4875 /* diseasePredictionSwiftUIView.swift in Sources */ = {isa = PBXBuildFile; fileRef = D02FB3782BE00B91009B4875 /* diseasePredictionSwiftUIView.swift */; };
		D02FB37B2BE01789009B4875 /* painRecordUnitySwiftUIView.swift in Sources */ = {isa = PBXBuildFile; fileRef = D02FB37A2BE01789009B4875 /* painRecordUnitySwiftUIView.swift */; };
		D02FB37D2BE017B0009B4875 /* painRecordInfoSwiftUIView.swift in Sources */ = {isa = PBXBuildFile; fileRef = D02FB37C2BE017B0009B4875 /* painRecordInfoSwiftUIView.swift */; };
		D02FB37F2BE0A728009B4875 /* painRecordInfoFeelingSwiftUIView.swift in Sources */ = {isa = PBXBuildFile; fileRef = D02FB37E2BE0A728009B4875 /* painRecordInfoFeelingSwiftUIView.swift */; };
		D02FB3812BE0AF09009B4875 /* painRecordInfoIntensitySwiftUIView.swift in Sources */ = {isa = PBXBuildFile; fileRef = D02FB3802BE0AF09009B4875 /* painRecordInfoIntensitySwiftUIView.swift */; };
		D02FB3852BE26B12009B4875 /* loginSwiftUIView.swift in Sources */ = {isa = PBXBuildFile; fileRef = D02FB3842BE26B12009B4875 /* loginSwiftUIView.swift */; };
		D03C36C52BF627320028E759 /* UserDefaults.swift in Sources */ = {isa = PBXBuildFile; fileRef = D03C36C32BF627320028E759 /* UserDefaults.swift */; };
		D03C36CB2BF627470028E759 /* eulaSwiftUIView.swift in Sources */ = {isa = PBXBuildFile; fileRef = D03C36C62BF627470028E759 /* eulaSwiftUIView.swift */; };
		D03C36CC2BF627470028E759 /* EulaText.swift in Sources */ = {isa = PBXBuildFile; fileRef = D03C36C72BF627470028E759 /* EulaText.swift */; };
		D03C36CD2BF627470028E759 /* mailVerifySwiftUIView.swift in Sources */ = {isa = PBXBuildFile; fileRef = D03C36C82BF627470028E759 /* mailVerifySwiftUIView.swift */; };
		D03C36CE2BF627470028E759 /* signUpSwiftUIView.swift in Sources */ = {isa = PBXBuildFile; fileRef = D03C36C92BF627470028E759 /* signUpSwiftUIView.swift */; };
		D03C36D02BF6275D0028E759 /* webLoginSwiftUiView.swift in Sources */ = {isa = PBXBuildFile; fileRef = D03C36CF2BF6275D0028E759 /* webLoginSwiftUiView.swift */; };
		D03C36D32BF627770028E759 /* UserService.swift in Sources */ = {isa = PBXBuildFile; fileRef = D03C36D12BF627760028E759 /* UserService.swift */; };
		D03C36D72BF6277B0028E759 /* buttonStyles.swift in Sources */ = {isa = PBXBuildFile; fileRef = D03C36D42BF6277B0028E759 /* buttonStyles.swift */; };
		D03C36D82BF6277B0028E759 /* checkboxStyle.swift in Sources */ = {isa = PBXBuildFile; fileRef = D03C36D52BF6277B0028E759 /* checkboxStyle.swift */; };
		D04214B62CA6D643008B6F28 /* TabSelection.swift in Sources */ = {isa = PBXBuildFile; fileRef = D04214B52CA6D63A008B6F28 /* TabSelection.swift */; };
		D04577B02C9C3C5E00160F53 /* calendarHomeSwiftUIView.swift in Sources */ = {isa = PBXBuildFile; fileRef = D04577AF2C9C3C5E00160F53 /* calendarHomeSwiftUIView.swift */; };
		D05076F12C7F0F9D00A780FC /* testVideoSwiftUIView.swift in Sources */ = {isa = PBXBuildFile; fileRef = D05076F02C7F0F9D00A780FC /* testVideoSwiftUIView.swift */; };
		D06875FD2C05B8040088E186 /* splashSwiftUIView.swift in Sources */ = {isa = PBXBuildFile; fileRef = D06875FB2C05B8040088E186 /* splashSwiftUIView.swift */; };
		D06876012C05B8290088E186 /* AuthService.swift in Sources */ = {isa = PBXBuildFile; fileRef = D06875FE2C05B8290088E186 /* AuthService.swift */; };
		D06876022C05B8290088E186 /* NoAuthService.swift in Sources */ = {isa = PBXBuildFile; fileRef = D06875FF2C05B8290088E186 /* NoAuthService.swift */; };
		D07A5D242C71C82E00603446 /* RoundedCornerStyle.swift in Sources */ = {isa = PBXBuildFile; fileRef = D07A5D232C71C82E00603446 /* RoundedCornerStyle.swift */; };
		D07A5D272C71D2C400603446 /* guideSwiftUIView.swift in Sources */ = {isa = PBXBuildFile; fileRef = D07A5D262C71D2C400603446 /* guideSwiftUIView.swift */; };
		D07EC5DC2BED0F98006E74DE /* ColorExtension.swift in Sources */ = {isa = PBXBuildFile; fileRef = D07EC5DB2BED0F98006E74DE /* ColorExtension.swift */; };
		D089DC2C2CADDE9A00C613F7 /* PainRecordResult.swift in Sources */ = {isa = PBXBuildFile; fileRef = D089DC2B2CADDE9A00C613F7 /* PainRecordResult.swift */; };
		D08B06FE2CAD8725009CB365 /* Disease2Result.swift in Sources */ = {isa = PBXBuildFile; fileRef = D08B06FD2CAD8725009CB365 /* Disease2Result.swift */; };
		D099C73E2C6271E000EA53BB /* top2DiseasePredictionSwiftUIView.swift in Sources */ = {isa = PBXBuildFile; fileRef = D099C73D2C6271E000EA53BB /* top2DiseasePredictionSwiftUIView.swift */; };
		D099C7412C62825B00EA53BB /* diseaseSurveySwiftUIView.swift in Sources */ = {isa = PBXBuildFile; fileRef = D099C7402C62825B00EA53BB /* diseaseSurveySwiftUIView.swift */; };
		D0B9867C2C0629DA0040FF37 /* GenericResponse.swift in Sources */ = {isa = PBXBuildFile; fileRef = D0B9867B2C0629DA0040FF37 /* GenericResponse.swift */; };
		D0BDF7062CB97DF90038A4B2 /* PostDiseaseResult.swift in Sources */ = {isa = PBXBuildFile; fileRef = D0BDF7052CB97DF90038A4B2 /* PostDiseaseResult.swift */; };
		D0CE7A752BFF2A7D00E3B025 /* DiseaseResult.swift in Sources */ = {isa = PBXBuildFile; fileRef = D0CE7A742BFF2A7D00E3B025 /* DiseaseResult.swift */; };
		D0D85D332C09E00D008C931A /* LodingStyle.swift in Sources */ = {isa = PBXBuildFile; fileRef = D0D85D322C09E00D008C931A /* LodingStyle.swift */; };
		D0ECC03C2C79F7CD00E8A482 /* lastGuideSwiftUIView.swift in Sources */ = {isa = PBXBuildFile; fileRef = D0ECC03B2C79F7CD00E8A482 /* lastGuideSwiftUIView.swift */; };
		D0ECC0422C7A027600E8A482 /* tem_painRecordUnitySwiftUIView.swift in Sources */ = {isa = PBXBuildFile; fileRef = D0ECC0412C7A027600E8A482 /* tem_painRecordUnitySwiftUIView.swift */; };
/* End PBXBuildFile section */

/* Begin PBXCopyFilesBuildPhase section */
		D0ECC0402C79FF4E00E8A482 /* Embed Frameworks */ = {
			isa = PBXCopyFilesBuildPhase;
			buildActionMask = 2147483647;
			dstPath = "";
			dstSubfolderSpec = 10;
			files = (
			);
			name = "Embed Frameworks";
			runOnlyForDeploymentPostprocessing = 0;
		};
/* End PBXCopyFilesBuildPhase section */

/* Begin PBXFileReference section */
		081EB58B2BE275960097E960 /* findPasswordSwiftUIView.swift */ = {isa = PBXFileReference; fileEncoding = 4; lastKnownFileType = sourcecode.swift; path = findPasswordSwiftUIView.swift; sourceTree = "<group>"; };
		081EB58F2BE276350097E960 /* Info.plist */ = {isa = PBXFileReference; lastKnownFileType = text.plist; path = Info.plist; sourceTree = "<group>"; };
		D006759D2BF5136A003A3B89 /* webview.swift */ = {isa = PBXFileReference; fileEncoding = 4; lastKnownFileType = sourcecode.swift; path = webview.swift; sourceTree = "<group>"; };
		D007C2692BDB64EE005F2A29 /* PainT.app */ = {isa = PBXFileReference; explicitFileType = wrapper.application; includeInIndex = 0; path = PainT.app; sourceTree = BUILT_PRODUCTS_DIR; };
		D007C26C2BDB64EE005F2A29 /* PainTApp.swift */ = {isa = PBXFileReference; lastKnownFileType = sourcecode.swift; path = PainTApp.swift; sourceTree = "<group>"; };
		D007C26E2BDB64EE005F2A29 /* ContentView.swift */ = {isa = PBXFileReference; lastKnownFileType = sourcecode.swift; path = ContentView.swift; sourceTree = "<group>"; };
		D007C2702BDB64EE005F2A29 /* Item.swift */ = {isa = PBXFileReference; lastKnownFileType = sourcecode.swift; path = Item.swift; sourceTree = "<group>"; };
		D007C2722BDB64F0005F2A29 /* Assets.xcassets */ = {isa = PBXFileReference; lastKnownFileType = folder.assetcatalog; path = Assets.xcassets; sourceTree = "<group>"; };
		D007C2752BDB64F0005F2A29 /* Preview Assets.xcassets */ = {isa = PBXFileReference; lastKnownFileType = folder.assetcatalog; path = "Preview Assets.xcassets"; sourceTree = "<group>"; };
		D0273E6D2BE77F8D0052824A /* painRecordInfoTimeSwiftUIView.swift */ = {isa = PBXFileReference; lastKnownFileType = sourcecode.swift; path = painRecordInfoTimeSwiftUIView.swift; sourceTree = "<group>"; };
		D0273E6F2BE787BC0052824A /* bottomButtonSwiftUIView.swift */ = {isa = PBXFileReference; lastKnownFileType = sourcecode.swift; path = bottomButtonSwiftUIView.swift; sourceTree = "<group>"; };
		D0273E712BE789A70052824A /* painRecordResultSwiftUIView.swift */ = {isa = PBXFileReference; lastKnownFileType = sourcecode.swift; path = painRecordResultSwiftUIView.swift; sourceTree = "<group>"; };
		D02FB36A2BDEA000009B4875 /* homeSwiftUIView.swift */ = {isa = PBXFileReference; lastKnownFileType = sourcecode.swift; path = homeSwiftUIView.swift; sourceTree = "<group>"; };
		D02FB36F2BDF4426009B4875 /* tabSwiftUIView.swift */ = {isa = PBXFileReference; lastKnownFileType = sourcecode.swift; path = tabSwiftUIView.swift; sourceTree = "<group>"; };
		D02FB3722BDF451F009B4875 /* painStatSwiftUIView.swift */ = {isa = PBXFileReference; lastKnownFileType = sourcecode.swift; path = painStatSwiftUIView.swift; sourceTree = "<group>"; };
		D02FB3752BDF4555009B4875 /* myPageSwiftUIView.swift */ = {isa = PBXFileReference; lastKnownFileType = sourcecode.swift; path = myPageSwiftUIView.swift; sourceTree = "<group>"; };
		D02FB3782BE00B91009B4875 /* diseasePredictionSwiftUIView.swift */ = {isa = PBXFileReference; lastKnownFileType = sourcecode.swift; path = diseasePredictionSwiftUIView.swift; sourceTree = "<group>"; };
		D02FB37A2BE01789009B4875 /* painRecordUnitySwiftUIView.swift */ = {isa = PBXFileReference; lastKnownFileType = sourcecode.swift; path = painRecordUnitySwiftUIView.swift; sourceTree = "<group>"; };
		D02FB37C2BE017B0009B4875 /* painRecordInfoSwiftUIView.swift */ = {isa = PBXFileReference; lastKnownFileType = sourcecode.swift; path = painRecordInfoSwiftUIView.swift; sourceTree = "<group>"; };
		D02FB37E2BE0A728009B4875 /* painRecordInfoFeelingSwiftUIView.swift */ = {isa = PBXFileReference; lastKnownFileType = sourcecode.swift; path = painRecordInfoFeelingSwiftUIView.swift; sourceTree = "<group>"; };
		D02FB3802BE0AF09009B4875 /* painRecordInfoIntensitySwiftUIView.swift */ = {isa = PBXFileReference; lastKnownFileType = sourcecode.swift; path = painRecordInfoIntensitySwiftUIView.swift; sourceTree = "<group>"; };
		D02FB3842BE26B12009B4875 /* loginSwiftUIView.swift */ = {isa = PBXFileReference; lastKnownFileType = sourcecode.swift; path = loginSwiftUIView.swift; sourceTree = "<group>"; };
		D03C36C32BF627320028E759 /* UserDefaults.swift */ = {isa = PBXFileReference; fileEncoding = 4; lastKnownFileType = sourcecode.swift; path = UserDefaults.swift; sourceTree = "<group>"; };
		D03C36C62BF627470028E759 /* eulaSwiftUIView.swift */ = {isa = PBXFileReference; fileEncoding = 4; lastKnownFileType = sourcecode.swift; path = eulaSwiftUIView.swift; sourceTree = "<group>"; };
		D03C36C72BF627470028E759 /* EulaText.swift */ = {isa = PBXFileReference; fileEncoding = 4; lastKnownFileType = sourcecode.swift; path = EulaText.swift; sourceTree = "<group>"; };
		D03C36C82BF627470028E759 /* mailVerifySwiftUIView.swift */ = {isa = PBXFileReference; fileEncoding = 4; lastKnownFileType = sourcecode.swift; path = mailVerifySwiftUIView.swift; sourceTree = "<group>"; };
		D03C36C92BF627470028E759 /* signUpSwiftUIView.swift */ = {isa = PBXFileReference; fileEncoding = 4; lastKnownFileType = sourcecode.swift; path = signUpSwiftUIView.swift; sourceTree = "<group>"; };
		D03C36CF2BF6275D0028E759 /* webLoginSwiftUiView.swift */ = {isa = PBXFileReference; fileEncoding = 4; lastKnownFileType = sourcecode.swift; path = webLoginSwiftUiView.swift; sourceTree = "<group>"; };
		D03C36D12BF627760028E759 /* UserService.swift */ = {isa = PBXFileReference; fileEncoding = 4; lastKnownFileType = sourcecode.swift; path = UserService.swift; sourceTree = "<group>"; };
		D03C36D42BF6277B0028E759 /* buttonStyles.swift */ = {isa = PBXFileReference; fileEncoding = 4; lastKnownFileType = sourcecode.swift; path = buttonStyles.swift; sourceTree = "<group>"; };
		D03C36D52BF6277B0028E759 /* checkboxStyle.swift */ = {isa = PBXFileReference; fileEncoding = 4; lastKnownFileType = sourcecode.swift; path = checkboxStyle.swift; sourceTree = "<group>"; };
		D04214B52CA6D63A008B6F28 /* TabSelection.swift */ = {isa = PBXFileReference; lastKnownFileType = sourcecode.swift; path = TabSelection.swift; sourceTree = "<group>"; };
		D04577AF2C9C3C5E00160F53 /* calendarHomeSwiftUIView.swift */ = {isa = PBXFileReference; lastKnownFileType = sourcecode.swift; path = calendarHomeSwiftUIView.swift; sourceTree = "<group>"; };
		D05076F02C7F0F9D00A780FC /* testVideoSwiftUIView.swift */ = {isa = PBXFileReference; lastKnownFileType = sourcecode.swift; path = testVideoSwiftUIView.swift; sourceTree = "<group>"; };
		D06875FB2C05B8040088E186 /* splashSwiftUIView.swift */ = {isa = PBXFileReference; fileEncoding = 4; lastKnownFileType = sourcecode.swift; path = splashSwiftUIView.swift; sourceTree = "<group>"; };
		D06875FE2C05B8290088E186 /* AuthService.swift */ = {isa = PBXFileReference; fileEncoding = 4; lastKnownFileType = sourcecode.swift; path = AuthService.swift; sourceTree = "<group>"; };
		D06875FF2C05B8290088E186 /* NoAuthService.swift */ = {isa = PBXFileReference; fileEncoding = 4; lastKnownFileType = sourcecode.swift; path = NoAuthService.swift; sourceTree = "<group>"; };
		D07A5D232C71C82E00603446 /* RoundedCornerStyle.swift */ = {isa = PBXFileReference; lastKnownFileType = sourcecode.swift; path = RoundedCornerStyle.swift; sourceTree = "<group>"; };
		D07A5D262C71D2C400603446 /* guideSwiftUIView.swift */ = {isa = PBXFileReference; lastKnownFileType = sourcecode.swift; path = guideSwiftUIView.swift; sourceTree = "<group>"; };
		D07EC5DB2BED0F98006E74DE /* ColorExtension.swift */ = {isa = PBXFileReference; lastKnownFileType = sourcecode.swift; path = ColorExtension.swift; sourceTree = "<group>"; };
		D089DC2B2CADDE9A00C613F7 /* PainRecordResult.swift */ = {isa = PBXFileReference; lastKnownFileType = sourcecode.swift; path = PainRecordResult.swift; sourceTree = "<group>"; };
		D08B06FD2CAD8725009CB365 /* Disease2Result.swift */ = {isa = PBXFileReference; lastKnownFileType = sourcecode.swift; path = Disease2Result.swift; sourceTree = "<group>"; };
		D099C73D2C6271E000EA53BB /* top2DiseasePredictionSwiftUIView.swift */ = {isa = PBXFileReference; lastKnownFileType = sourcecode.swift; path = top2DiseasePredictionSwiftUIView.swift; sourceTree = "<group>"; };
		D099C7402C62825B00EA53BB /* diseaseSurveySwiftUIView.swift */ = {isa = PBXFileReference; lastKnownFileType = sourcecode.swift; path = diseaseSurveySwiftUIView.swift; sourceTree = "<group>"; };
		D0B9867B2C0629DA0040FF37 /* GenericResponse.swift */ = {isa = PBXFileReference; lastKnownFileType = sourcecode.swift; path = GenericResponse.swift; sourceTree = "<group>"; };
		D0BDF7052CB97DF90038A4B2 /* PostDiseaseResult.swift */ = {isa = PBXFileReference; lastKnownFileType = sourcecode.swift; path = PostDiseaseResult.swift; sourceTree = "<group>"; };
		D0CE7A742BFF2A7D00E3B025 /* DiseaseResult.swift */ = {isa = PBXFileReference; lastKnownFileType = sourcecode.swift; path = DiseaseResult.swift; sourceTree = "<group>"; };
		D0D85D322C09E00D008C931A /* LodingStyle.swift */ = {isa = PBXFileReference; fileEncoding = 4; lastKnownFileType = sourcecode.swift; path = LodingStyle.swift; sourceTree = "<group>"; };
		D0ECC03B2C79F7CD00E8A482 /* lastGuideSwiftUIView.swift */ = {isa = PBXFileReference; lastKnownFileType = sourcecode.swift; path = lastGuideSwiftUIView.swift; sourceTree = "<group>"; };
		D0ECC0412C7A027600E8A482 /* tem_painRecordUnitySwiftUIView.swift */ = {isa = PBXFileReference; lastKnownFileType = sourcecode.swift; path = tem_painRecordUnitySwiftUIView.swift; sourceTree = "<group>"; };
/* End PBXFileReference section */

/* Begin PBXFrameworksBuildPhase section */
		D007C2662BDB64EE005F2A29 /* Frameworks */ = {
			isa = PBXFrameworksBuildPhase;
			buildActionMask = 2147483647;
			files = (
				081EB5922BE276970097E960 /* Alamofire in Frameworks */,
			);
			runOnlyForDeploymentPostprocessing = 0;
		};
/* End PBXFrameworksBuildPhase section */

/* Begin PBXGroup section */
		D006759E2BF5136A003A3B89 /* Components */ = {
			isa = PBXGroup;
			children = (
				D0273E6F2BE787BC0052824A /* bottomButtonSwiftUIView.swift */,
				D006759D2BF5136A003A3B89 /* webview.swift */,
			);
			path = Components;
			sourceTree = "<group>";
		};
		D007C2602BDB64EE005F2A29 = {
			isa = PBXGroup;
			children = (
				D007C26B2BDB64EE005F2A29 /* PainT */,
				D007C26A2BDB64EE005F2A29 /* Products */,
				D01889202C1044C9008C9118 /* Frameworks */,
			);
			sourceTree = "<group>";
		};
		D007C26A2BDB64EE005F2A29 /* Products */ = {
			isa = PBXGroup;
			children = (
				D007C2692BDB64EE005F2A29 /* PainT.app */,
			);
			name = Products;
			sourceTree = "<group>";
		};
		D007C26B2BDB64EE005F2A29 /* PainT */ = {
			isa = PBXGroup;
			children = (
				081EB58F2BE276350097E960 /* Info.plist */,
				D0ECC0432C7A073A00E8A482 /* UnityController */,
				D03C36D62BF6277B0028E759 /* Styles */,
				D006759E2BF5136A003A3B89 /* Components */,
				D07EC5DA2BED0F65006E74DE /* Extension */,
				D03C36D22BF627760028E759 /* Request */,
				D03C36C42BF627320028E759 /* Data */,
				D06875FC2C05B8040088E186 /* Splash */,
				D03C36CA2BF627470028E759 /* Join */,
				D02FB3832BE26B06009B4875 /* Login */,
				D07A5D252C71D29D00603446 /* Guide */,
				D02FB3772BE00B5D009B4875 /* DiseasePrediction */,
				D02FB3742BDF4546009B4875 /* MyPage */,
				D02FB3712BDF450B009B4875 /* PainStat */,
				D02FB36C2BDEBAE7009B4875 /* PainRecord */,
				D02FB3692BDE9F69009B4875 /* Home */,
				D007C26C2BDB64EE005F2A29 /* PainTApp.swift */,
				D007C26E2BDB64EE005F2A29 /* ContentView.swift */,
				D007C2702BDB64EE005F2A29 /* Item.swift */,
				D007C2722BDB64F0005F2A29 /* Assets.xcassets */,
				D007C2742BDB64F0005F2A29 /* Preview Content */,
			);
			path = PainT;
			sourceTree = "<group>";
		};
		D007C2742BDB64F0005F2A29 /* Preview Content */ = {
			isa = PBXGroup;
			children = (
				D007C2752BDB64F0005F2A29 /* Preview Assets.xcassets */,
			);
			path = "Preview Content";
			sourceTree = "<group>";
		};
		D01889202C1044C9008C9118 /* Frameworks */ = {
			isa = PBXGroup;
			children = (
			);
			name = Frameworks;
			sourceTree = "<group>";
		};
		D02FB3692BDE9F69009B4875 /* Home */ = {
			isa = PBXGroup;
			children = (
				D04214B52CA6D63A008B6F28 /* TabSelection.swift */,
				D02FB36A2BDEA000009B4875 /* homeSwiftUIView.swift */,
				D04577AF2C9C3C5E00160F53 /* calendarHomeSwiftUIView.swift */,
				D02FB36F2BDF4426009B4875 /* tabSwiftUIView.swift */,
			);
			path = Home;
			sourceTree = "<group>";
		};
		D02FB36C2BDEBAE7009B4875 /* PainRecord */ = {
			isa = PBXGroup;
			children = (
				D099C7402C62825B00EA53BB /* diseaseSurveySwiftUIView.swift */,
				D02FB37A2BE01789009B4875 /* painRecordUnitySwiftUIView.swift */,
				D02FB37C2BE017B0009B4875 /* painRecordInfoSwiftUIView.swift */,
				D0273E6D2BE77F8D0052824A /* painRecordInfoTimeSwiftUIView.swift */,
				D02FB37E2BE0A728009B4875 /* painRecordInfoFeelingSwiftUIView.swift */,
				D02FB3802BE0AF09009B4875 /* painRecordInfoIntensitySwiftUIView.swift */,
				D0273E712BE789A70052824A /* painRecordResultSwiftUIView.swift */,
				D0ECC0412C7A027600E8A482 /* tem_painRecordUnitySwiftUIView.swift */,
			);
			path = PainRecord;
			sourceTree = "<group>";
		};
		D02FB3712BDF450B009B4875 /* PainStat */ = {
			isa = PBXGroup;
			children = (
				D02FB3722BDF451F009B4875 /* painStatSwiftUIView.swift */,
			);
			path = PainStat;
			sourceTree = "<group>";
		};
		D02FB3742BDF4546009B4875 /* MyPage */ = {
			isa = PBXGroup;
			children = (
				D02FB3752BDF4555009B4875 /* myPageSwiftUIView.swift */,
			);
			path = MyPage;
			sourceTree = "<group>";
		};
		D02FB3772BE00B5D009B4875 /* DiseasePrediction */ = {
			isa = PBXGroup;
			children = (
				D02FB3782BE00B91009B4875 /* diseasePredictionSwiftUIView.swift */,
				D099C73D2C6271E000EA53BB /* top2DiseasePredictionSwiftUIView.swift */,
			);
			path = DiseasePrediction;
			sourceTree = "<group>";
		};
		D02FB3832BE26B06009B4875 /* Login */ = {
			isa = PBXGroup;
			children = (
				081EB58B2BE275960097E960 /* findPasswordSwiftUIView.swift */,
				D03C36CF2BF6275D0028E759 /* webLoginSwiftUiView.swift */,
				D02FB3842BE26B12009B4875 /* loginSwiftUIView.swift */,
			);
			path = Login;
			sourceTree = "<group>";
		};
		D03C36C42BF627320028E759 /* Data */ = {
			isa = PBXGroup;
			children = (
				D03C36C32BF627320028E759 /* UserDefaults.swift */,
				D0CE7A742BFF2A7D00E3B025 /* DiseaseResult.swift */,
				D0BDF7052CB97DF90038A4B2 /* PostDiseaseResult.swift */,
				D08B06FD2CAD8725009CB365 /* Disease2Result.swift */,
				D089DC2B2CADDE9A00C613F7 /* PainRecordResult.swift */,
				D0B9867B2C0629DA0040FF37 /* GenericResponse.swift */,
			);
			path = Data;
			sourceTree = "<group>";
		};
		D03C36CA2BF627470028E759 /* Join */ = {
			isa = PBXGroup;
			children = (
				D03C36C62BF627470028E759 /* eulaSwiftUIView.swift */,
				D03C36C72BF627470028E759 /* EulaText.swift */,
				D03C36C82BF627470028E759 /* mailVerifySwiftUIView.swift */,
				D03C36C92BF627470028E759 /* signUpSwiftUIView.swift */,
			);
			path = Join;
			sourceTree = "<group>";
		};
		D03C36D22BF627760028E759 /* Request */ = {
			isa = PBXGroup;
			children = (
				D03C36D12BF627760028E759 /* UserService.swift */,
				D06875FE2C05B8290088E186 /* AuthService.swift */,
				D06875FF2C05B8290088E186 /* NoAuthService.swift */,
			);
			path = Request;
			sourceTree = "<group>";
		};
		D03C36D62BF6277B0028E759 /* Styles */ = {
			isa = PBXGroup;
			children = (
				D03C36D42BF6277B0028E759 /* buttonStyles.swift */,
				D03C36D52BF6277B0028E759 /* checkboxStyle.swift */,
				D0D85D322C09E00D008C931A /* LodingStyle.swift */,
			);
			path = Styles;
			sourceTree = "<group>";
		};
		D06875FC2C05B8040088E186 /* Splash */ = {
			isa = PBXGroup;
			children = (
				D06875FB2C05B8040088E186 /* splashSwiftUIView.swift */,
			);
			path = Splash;
			sourceTree = "<group>";
		};
		D07A5D252C71D29D00603446 /* Guide */ = {
			isa = PBXGroup;
			children = (
				D07A5D262C71D2C400603446 /* guideSwiftUIView.swift */,
				D0ECC03B2C79F7CD00E8A482 /* lastGuideSwiftUIView.swift */,
				D05076F02C7F0F9D00A780FC /* testVideoSwiftUIView.swift */,
			);
			path = Guide;
			sourceTree = "<group>";
		};
		D07EC5DA2BED0F65006E74DE /* Extension */ = {
			isa = PBXGroup;
			children = (
				D07A5D232C71C82E00603446 /* RoundedCornerStyle.swift */,
				D07EC5DB2BED0F98006E74DE /* ColorExtension.swift */,
			);
			path = Extension;
			sourceTree = "<group>";
		};
		D0ECC0432C7A073A00E8A482 /* UnityController */ = {
			isa = PBXGroup;
			children = (
			);
			path = UnityController;
			sourceTree = "<group>";
		};
/* End PBXGroup section */

/* Begin PBXNativeTarget section */
		D007C2682BDB64EE005F2A29 /* PainT */ = {
			isa = PBXNativeTarget;
			buildConfigurationList = D007C2792BDB64F0005F2A29 /* Build configuration list for PBXNativeTarget "PainT" */;
			buildPhases = (
				D007C2652BDB64EE005F2A29 /* Sources */,
				D007C2662BDB64EE005F2A29 /* Frameworks */,
				D007C2672BDB64EE005F2A29 /* Resources */,
				D0ECC0402C79FF4E00E8A482 /* Embed Frameworks */,
			);
			buildRules = (
			);
			dependencies = (
			);
			name = PainT;
			packageProductDependencies = (
				081EB5912BE276970097E960 /* Alamofire */,
			);
			productName = PainT;
			productReference = D007C2692BDB64EE005F2A29 /* PainT.app */;
			productType = "com.apple.product-type.application";
		};
/* End PBXNativeTarget section */

/* Begin PBXProject section */
		D007C2612BDB64EE005F2A29 /* Project object */ = {
			isa = PBXProject;
			attributes = {
				BuildIndependentTargetsInParallel = 1;
				LastSwiftUpdateCheck = 1530;
				LastUpgradeCheck = 1530;
				TargetAttributes = {
					D007C2682BDB64EE005F2A29 = {
						CreatedOnToolsVersion = 15.3;
					};
				};
			};
			buildConfigurationList = D007C2642BDB64EE005F2A29 /* Build configuration list for PBXProject "PainT" */;
			compatibilityVersion = "Xcode 14.0";
			developmentRegion = en;
			hasScannedForEncodings = 0;
			knownRegions = (
				en,
				Base,
			);
			mainGroup = D007C2602BDB64EE005F2A29;
			packageReferences = (
				081EB5902BE276970097E960 /* XCRemoteSwiftPackageReference "Alamofire" */,
			);
			productRefGroup = D007C26A2BDB64EE005F2A29 /* Products */;
			projectDirPath = "";
			projectRoot = "";
			targets = (
				D007C2682BDB64EE005F2A29 /* PainT */,
			);
		};
/* End PBXProject section */

/* Begin PBXResourcesBuildPhase section */
		D007C2672BDB64EE005F2A29 /* Resources */ = {
			isa = PBXResourcesBuildPhase;
			buildActionMask = 2147483647;
			files = (
				D007C2762BDB64F0005F2A29 /* Preview Assets.xcassets in Resources */,
				D007C2732BDB64F0005F2A29 /* Assets.xcassets in Resources */,
			);
			runOnlyForDeploymentPostprocessing = 0;
		};
/* End PBXResourcesBuildPhase section */

/* Begin PBXSourcesBuildPhase section */
		D007C2652BDB64EE005F2A29 /* Sources */ = {
			isa = PBXSourcesBuildPhase;
			buildActionMask = 2147483647;
			files = (
				D0273E722BE789A70052824A /* painRecordResultSwiftUIView.swift in Sources */,
				D0273E702BE787BC0052824A /* bottomButtonSwiftUIView.swift in Sources */,
				D02FB3852BE26B12009B4875 /* loginSwiftUIView.swift in Sources */,
				D02FB37F2BE0A728009B4875 /* painRecordInfoFeelingSwiftUIView.swift in Sources */,
				D02FB3732BDF451F009B4875 /* painStatSwiftUIView.swift in Sources */,
				D03C36C52BF627320028E759 /* UserDefaults.swift in Sources */,
				D0ECC03C2C79F7CD00E8A482 /* lastGuideSwiftUIView.swift in Sources */,
				D03C36D32BF627770028E759 /* UserService.swift in Sources */,
				D007C26F2BDB64EE005F2A29 /* ContentView.swift in Sources */,
				D0D85D332C09E00D008C931A /* LodingStyle.swift in Sources */,
				D06876022C05B8290088E186 /* NoAuthService.swift in Sources */,
				D03C36CE2BF627470028E759 /* signUpSwiftUIView.swift in Sources */,
				D007C2712BDB64EE005F2A29 /* Item.swift in Sources */,
				D03C36CC2BF627470028E759 /* EulaText.swift in Sources */,
				D07A5D242C71C82E00603446 /* RoundedCornerStyle.swift in Sources */,
				D08B06FE2CAD8725009CB365 /* Disease2Result.swift in Sources */,
				D02FB3762BDF4555009B4875 /* myPageSwiftUIView.swift in Sources */,
				D0273E6E2BE77F8D0052824A /* painRecordInfoTimeSwiftUIView.swift in Sources */,
				D02FB37D2BE017B0009B4875 /* painRecordInfoSwiftUIView.swift in Sources */,
				D06876012C05B8290088E186 /* AuthService.swift in Sources */,
				D03C36CD2BF627470028E759 /* mailVerifySwiftUIView.swift in Sources */,
				D007C26D2BDB64EE005F2A29 /* PainTApp.swift in Sources */,
				D03C36D02BF6275D0028E759 /* webLoginSwiftUiView.swift in Sources */,
				D099C73E2C6271E000EA53BB /* top2DiseasePredictionSwiftUIView.swift in Sources */,
				D0B9867C2C0629DA0040FF37 /* GenericResponse.swift in Sources */,
				D02FB3792BE00B91009B4875 /* diseasePredictionSwiftUIView.swift in Sources */,
				D099C7412C62825B00EA53BB /* diseaseSurveySwiftUIView.swift in Sources */,
				D02FB3812BE0AF09009B4875 /* painRecordInfoIntensitySwiftUIView.swift in Sources */,
				D03C36D72BF6277B0028E759 /* buttonStyles.swift in Sources */,
				D006759F2BF5136A003A3B89 /* webview.swift in Sources */,
				D05076F12C7F0F9D00A780FC /* testVideoSwiftUIView.swift in Sources */,
				D0BDF7062CB97DF90038A4B2 /* PostDiseaseResult.swift in Sources */,
				D06875FD2C05B8040088E186 /* splashSwiftUIView.swift in Sources */,
				D03C36CB2BF627470028E759 /* eulaSwiftUIView.swift in Sources */,
				D04214B62CA6D643008B6F28 /* TabSelection.swift in Sources */,
				081EB58D2BE275960097E960 /* findPasswordSwiftUIView.swift in Sources */,
				D0CE7A752BFF2A7D00E3B025 /* DiseaseResult.swift in Sources */,
				D089DC2C2CADDE9A00C613F7 /* PainRecordResult.swift in Sources */,
				D02FB3702BDF4427009B4875 /* tabSwiftUIView.swift in Sources */,
				D0ECC0422C7A027600E8A482 /* tem_painRecordUnitySwiftUIView.swift in Sources */,
				D02FB37B2BE01789009B4875 /* painRecordUnitySwiftUIView.swift in Sources */,
				D02FB36B2BDEA000009B4875 /* homeSwiftUIView.swift in Sources */,
				D07A5D272C71D2C400603446 /* guideSwiftUIView.swift in Sources */,
				D03C36D82BF6277B0028E759 /* checkboxStyle.swift in Sources */,
				D07EC5DC2BED0F98006E74DE /* ColorExtension.swift in Sources */,
				D04577B02C9C3C5E00160F53 /* calendarHomeSwiftUIView.swift in Sources */,
			);
			runOnlyForDeploymentPostprocessing = 0;
		};
/* End PBXSourcesBuildPhase section */

/* Begin XCBuildConfiguration section */
		D007C2772BDB64F0005F2A29 /* Debug */ = {
			isa = XCBuildConfiguration;
			buildSettings = {
				ALWAYS_SEARCH_USER_PATHS = NO;
				ASSETCATALOG_COMPILER_GENERATE_SWIFT_ASSET_SYMBOL_EXTENSIONS = YES;
				CLANG_ANALYZER_NONNULL = YES;
				CLANG_ANALYZER_NUMBER_OBJECT_CONVERSION = YES_AGGRESSIVE;
				CLANG_CXX_LANGUAGE_STANDARD = "gnu++20";
				CLANG_ENABLE_MODULES = YES;
				CLANG_ENABLE_OBJC_ARC = YES;
				CLANG_ENABLE_OBJC_WEAK = YES;
				CLANG_WARN_BLOCK_CAPTURE_AUTORELEASING = YES;
				CLANG_WARN_BOOL_CONVERSION = YES;
				CLANG_WARN_COMMA = YES;
				CLANG_WARN_CONSTANT_CONVERSION = YES;
				CLANG_WARN_DEPRECATED_OBJC_IMPLEMENTATIONS = YES;
				CLANG_WARN_DIRECT_OBJC_ISA_USAGE = YES_ERROR;
				CLANG_WARN_DOCUMENTATION_COMMENTS = YES;
				CLANG_WARN_EMPTY_BODY = YES;
				CLANG_WARN_ENUM_CONVERSION = YES;
				CLANG_WARN_INFINITE_RECURSION = YES;
				CLANG_WARN_INT_CONVERSION = YES;
				CLANG_WARN_NON_LITERAL_NULL_CONVERSION = YES;
				CLANG_WARN_OBJC_IMPLICIT_RETAIN_SELF = YES;
				CLANG_WARN_OBJC_LITERAL_CONVERSION = YES;
				CLANG_WARN_OBJC_ROOT_CLASS = YES_ERROR;
				CLANG_WARN_QUOTED_INCLUDE_IN_FRAMEWORK_HEADER = YES;
				CLANG_WARN_RANGE_LOOP_ANALYSIS = YES;
				CLANG_WARN_STRICT_PROTOTYPES = YES;
				CLANG_WARN_SUSPICIOUS_MOVE = YES;
				CLANG_WARN_UNGUARDED_AVAILABILITY = YES_AGGRESSIVE;
				CLANG_WARN_UNREACHABLE_CODE = YES;
				CLANG_WARN__DUPLICATE_METHOD_MATCH = YES;
				COPY_PHASE_STRIP = NO;
				DEBUG_INFORMATION_FORMAT = dwarf;
				ENABLE_STRICT_OBJC_MSGSEND = YES;
				ENABLE_TESTABILITY = YES;
				ENABLE_USER_SCRIPT_SANDBOXING = YES;
				GCC_C_LANGUAGE_STANDARD = gnu17;
				GCC_DYNAMIC_NO_PIC = NO;
				GCC_NO_COMMON_BLOCKS = YES;
				GCC_OPTIMIZATION_LEVEL = 0;
				GCC_PREPROCESSOR_DEFINITIONS = (
					"DEBUG=1",
					"$(inherited)",
				);
				GCC_WARN_64_TO_32_BIT_CONVERSION = YES;
				GCC_WARN_ABOUT_RETURN_TYPE = YES_ERROR;
				GCC_WARN_UNDECLARED_SELECTOR = YES;
				GCC_WARN_UNINITIALIZED_AUTOS = YES_AGGRESSIVE;
				GCC_WARN_UNUSED_FUNCTION = YES;
				GCC_WARN_UNUSED_VARIABLE = YES;
				IPHONEOS_DEPLOYMENT_TARGET = 17.4;
				LOCALIZATION_PREFERS_STRING_CATALOGS = YES;
				MTL_ENABLE_DEBUG_INFO = INCLUDE_SOURCE;
				MTL_FAST_MATH = YES;
				ONLY_ACTIVE_ARCH = YES;
				SDKROOT = iphoneos;
				SWIFT_ACTIVE_COMPILATION_CONDITIONS = "DEBUG $(inherited)";
				SWIFT_OPTIMIZATION_LEVEL = "-Onone";
			};
			name = Debug;
		};
		D007C2782BDB64F0005F2A29 /* Release */ = {
			isa = XCBuildConfiguration;
			buildSettings = {
				ALWAYS_SEARCH_USER_PATHS = NO;
				ASSETCATALOG_COMPILER_GENERATE_SWIFT_ASSET_SYMBOL_EXTENSIONS = YES;
				CLANG_ANALYZER_NONNULL = YES;
				CLANG_ANALYZER_NUMBER_OBJECT_CONVERSION = YES_AGGRESSIVE;
				CLANG_CXX_LANGUAGE_STANDARD = "gnu++20";
				CLANG_ENABLE_MODULES = YES;
				CLANG_ENABLE_OBJC_ARC = YES;
				CLANG_ENABLE_OBJC_WEAK = YES;
				CLANG_WARN_BLOCK_CAPTURE_AUTORELEASING = YES;
				CLANG_WARN_BOOL_CONVERSION = YES;
				CLANG_WARN_COMMA = YES;
				CLANG_WARN_CONSTANT_CONVERSION = YES;
				CLANG_WARN_DEPRECATED_OBJC_IMPLEMENTATIONS = YES;
				CLANG_WARN_DIRECT_OBJC_ISA_USAGE = YES_ERROR;
				CLANG_WARN_DOCUMENTATION_COMMENTS = YES;
				CLANG_WARN_EMPTY_BODY = YES;
				CLANG_WARN_ENUM_CONVERSION = YES;
				CLANG_WARN_INFINITE_RECURSION = YES;
				CLANG_WARN_INT_CONVERSION = YES;
				CLANG_WARN_NON_LITERAL_NULL_CONVERSION = YES;
				CLANG_WARN_OBJC_IMPLICIT_RETAIN_SELF = YES;
				CLANG_WARN_OBJC_LITERAL_CONVERSION = YES;
				CLANG_WARN_OBJC_ROOT_CLASS = YES_ERROR;
				CLANG_WARN_QUOTED_INCLUDE_IN_FRAMEWORK_HEADER = YES;
				CLANG_WARN_RANGE_LOOP_ANALYSIS = YES;
				CLANG_WARN_STRICT_PROTOTYPES = YES;
				CLANG_WARN_SUSPICIOUS_MOVE = YES;
				CLANG_WARN_UNGUARDED_AVAILABILITY = YES_AGGRESSIVE;
				CLANG_WARN_UNREACHABLE_CODE = YES;
				CLANG_WARN__DUPLICATE_METHOD_MATCH = YES;
				COPY_PHASE_STRIP = NO;
				DEBUG_INFORMATION_FORMAT = "dwarf-with-dsym";
				ENABLE_NS_ASSERTIONS = NO;
				ENABLE_STRICT_OBJC_MSGSEND = YES;
				ENABLE_USER_SCRIPT_SANDBOXING = YES;
				GCC_C_LANGUAGE_STANDARD = gnu17;
				GCC_NO_COMMON_BLOCKS = YES;
				GCC_WARN_64_TO_32_BIT_CONVERSION = YES;
				GCC_WARN_ABOUT_RETURN_TYPE = YES_ERROR;
				GCC_WARN_UNDECLARED_SELECTOR = YES;
				GCC_WARN_UNINITIALIZED_AUTOS = YES_AGGRESSIVE;
				GCC_WARN_UNUSED_FUNCTION = YES;
				GCC_WARN_UNUSED_VARIABLE = YES;
				IPHONEOS_DEPLOYMENT_TARGET = 17.4;
				LOCALIZATION_PREFERS_STRING_CATALOGS = YES;
				MTL_ENABLE_DEBUG_INFO = NO;
				MTL_FAST_MATH = YES;
				SDKROOT = iphoneos;
				SWIFT_COMPILATION_MODE = wholemodule;
				VALIDATE_PRODUCT = YES;
			};
			name = Release;
		};
		D007C27A2BDB64F0005F2A29 /* Debug */ = {
			isa = XCBuildConfiguration;
			buildSettings = {
				ASSETCATALOG_COMPILER_APPICON_NAME = AppIcon;
				ASSETCATALOG_COMPILER_GLOBAL_ACCENT_COLOR_NAME = AccentColor;
				CODE_SIGN_STYLE = Automatic;
				CURRENT_PROJECT_VERSION = 1;
				DEVELOPMENT_ASSET_PATHS = "\"PainT/Preview Content\"";
				DEVELOPMENT_TEAM = SB87AFXHM2;
				ENABLE_PREVIEWS = YES;
				GENERATE_INFOPLIST_FILE = YES;
				INFOPLIST_FILE = PainT/Info.plist;
				INFOPLIST_KEY_LSApplicationCategoryType = "";
				INFOPLIST_KEY_UIApplicationSupportsIndirectInputEvents = YES;
				INFOPLIST_KEY_UILaunchScreen_Generation = YES;
				INFOPLIST_KEY_UISupportedInterfaceOrientations_iPad = "UIInterfaceOrientationPortrait UIInterfaceOrientationPortraitUpsideDown UIInterfaceOrientationLandscapeLeft UIInterfaceOrientationLandscapeRight";
				INFOPLIST_KEY_UISupportedInterfaceOrientations_iPhone = "UIInterfaceOrientationPortrait UIInterfaceOrientationLandscapeLeft UIInterfaceOrientationLandscapeRight";
				IPHONEOS_DEPLOYMENT_TARGET = 17.0;
				LD_RUNPATH_SEARCH_PATHS = (
					"$(inherited)",
					"@executable_path/Frameworks",
				);
				MARKETING_VERSION = 1.0;
				PRODUCT_BUNDLE_IDENTIFIER = "com.Chii-U.PainT";
				PRODUCT_NAME = "$(TARGET_NAME)";
				SWIFT_EMIT_LOC_STRINGS = YES;
				SWIFT_VERSION = 5.0;
				TARGETED_DEVICE_FAMILY = "1,2";
			};
			name = Debug;
		};
		D007C27B2BDB64F0005F2A29 /* Release */ = {
			isa = XCBuildConfiguration;
			buildSettings = {
				ASSETCATALOG_COMPILER_APPICON_NAME = AppIcon;
				ASSETCATALOG_COMPILER_GLOBAL_ACCENT_COLOR_NAME = AccentColor;
				CODE_SIGN_STYLE = Automatic;
				CURRENT_PROJECT_VERSION = 1;
				DEVELOPMENT_ASSET_PATHS = "\"PainT/Preview Content\"";
				DEVELOPMENT_TEAM = SB87AFXHM2;
				ENABLE_PREVIEWS = YES;
				GENERATE_INFOPLIST_FILE = YES;
				INFOPLIST_FILE = PainT/Info.plist;
				INFOPLIST_KEY_LSApplicationCategoryType = "";
				INFOPLIST_KEY_UIApplicationSupportsIndirectInputEvents = YES;
				INFOPLIST_KEY_UILaunchScreen_Generation = YES;
				INFOPLIST_KEY_UISupportedInterfaceOrientations_iPad = "UIInterfaceOrientationPortrait UIInterfaceOrientationPortraitUpsideDown UIInterfaceOrientationLandscapeLeft UIInterfaceOrientationLandscapeRight";
				INFOPLIST_KEY_UISupportedInterfaceOrientations_iPhone = "UIInterfaceOrientationPortrait UIInterfaceOrientationLandscapeLeft UIInterfaceOrientationLandscapeRight";
				IPHONEOS_DEPLOYMENT_TARGET = 17.0;
				LD_RUNPATH_SEARCH_PATHS = (
					"$(inherited)",
					"@executable_path/Frameworks",
				);
				MARKETING_VERSION = 1.0;
				PRODUCT_BUNDLE_IDENTIFIER = "com.Chii-U.PainT";
				PRODUCT_NAME = "$(TARGET_NAME)";
				SWIFT_EMIT_LOC_STRINGS = YES;
				SWIFT_VERSION = 5.0;
				TARGETED_DEVICE_FAMILY = "1,2";
			};
			name = Release;
		};
/* End XCBuildConfiguration section */

/* Begin XCConfigurationList section */
		D007C2642BDB64EE005F2A29 /* Build configuration list for PBXProject "PainT" */ = {
			isa = XCConfigurationList;
			buildConfigurations = (
				D007C2772BDB64F0005F2A29 /* Debug */,
				D007C2782BDB64F0005F2A29 /* Release */,
			);
			defaultConfigurationIsVisible = 0;
			defaultConfigurationName = Release;
		};
		D007C2792BDB64F0005F2A29 /* Build configuration list for PBXNativeTarget "PainT" */ = {
			isa = XCConfigurationList;
			buildConfigurations = (
				D007C27A2BDB64F0005F2A29 /* Debug */,
				D007C27B2BDB64F0005F2A29 /* Release */,
			);
			defaultConfigurationIsVisible = 0;
			defaultConfigurationName = Release;
		};
/* End XCConfigurationList section */

/* Begin XCRemoteSwiftPackageReference section */
		081EB5902BE276970097E960 /* XCRemoteSwiftPackageReference "Alamofire" */ = {
			isa = XCRemoteSwiftPackageReference;
			repositoryURL = "https://github.com/Alamofire/Alamofire.git";
			requirement = {
				kind = upToNextMajorVersion;
				minimumVersion = 5.9.1;
			};
		};
/* End XCRemoteSwiftPackageReference section */

/* Begin XCSwiftPackageProductDependency section */
		081EB5912BE276970097E960 /* Alamofire */ = {
			isa = XCSwiftPackageProductDependency;
			package = 081EB5902BE276970097E960 /* XCRemoteSwiftPackageReference "Alamofire" */;
			productName = Alamofire;
		};
/* End XCSwiftPackageProductDependency section */
	};
	rootObject = D007C2612BDB64EE005F2A29 /* Project object */;
}
