// !$*UTF8*$!
{
	archiveVersion = 1;
	classes = {
	};
	objectVersion = 56;
	objects = {

/* Begin PBXBuildFile section */
		D007C26D2BDB64EE005F2A29 /* PainTApp.swift in Sources */ = {isa = PBXBuildFile; fileRef = D007C26C2BDB64EE005F2A29 /* PainTApp.swift */; };
		D007C26F2BDB64EE005F2A29 /* ContentView.swift in Sources */ = {isa = PBXBuildFile; fileRef = D007C26E2BDB64EE005F2A29 /* ContentView.swift */; };
		D007C2712BDB64EE005F2A29 /* Item.swift in Sources */ = {isa = PBXBuildFile; fileRef = D007C2702BDB64EE005F2A29 /* Item.swift */; };
		D007C2732BDB64F0005F2A29 /* Assets.xcassets in Resources */ = {isa = PBXBuildFile; fileRef = D007C2722BDB64F0005F2A29 /* Assets.xcassets */; };
		D007C2762BDB64F0005F2A29 /* Preview Assets.xcassets in Resources */ = {isa = PBXBuildFile; fileRef = D007C2752BDB64F0005F2A29 /* Preview Assets.xcassets */; };
		D02FB36B2BDEA000009B4875 /* homeSwiftUIView.swift in Sources */ = {isa = PBXBuildFile; fileRef = D02FB36A2BDEA000009B4875 /* homeSwiftUIView.swift */; };
		D02FB36E2BDEBAFC009B4875 /* painRecordSwiftUIView.swift in Sources */ = {isa = PBXBuildFile; fileRef = D02FB36D2BDEBAFC009B4875 /* painRecordSwiftUIView.swift */; };
		D02FB3702BDF4427009B4875 /* tabSwiftUIView.swift in Sources */ = {isa = PBXBuildFile; fileRef = D02FB36F2BDF4426009B4875 /* tabSwiftUIView.swift */; };
		D02FB3732BDF451F009B4875 /* painStatSwiftUIView.swift in Sources */ = {isa = PBXBuildFile; fileRef = D02FB3722BDF451F009B4875 /* painStatSwiftUIView.swift */; };
		D02FB3762BDF4555009B4875 /* myPageSwiftUIView.swift in Sources */ = {isa = PBXBuildFile; fileRef = D02FB3752BDF4555009B4875 /* myPageSwiftUIView.swift */; };
/* End PBXBuildFile section */

/* Begin PBXFileReference section */
		D007C2692BDB64EE005F2A29 /* PainT.app */ = {isa = PBXFileReference; explicitFileType = wrapper.application; includeInIndex = 0; path = PainT.app; sourceTree = BUILT_PRODUCTS_DIR; };
		D007C26C2BDB64EE005F2A29 /* PainTApp.swift */ = {isa = PBXFileReference; lastKnownFileType = sourcecode.swift; path = PainTApp.swift; sourceTree = "<group>"; };
		D007C26E2BDB64EE005F2A29 /* ContentView.swift */ = {isa = PBXFileReference; lastKnownFileType = sourcecode.swift; path = ContentView.swift; sourceTree = "<group>"; };
		D007C2702BDB64EE005F2A29 /* Item.swift */ = {isa = PBXFileReference; lastKnownFileType = sourcecode.swift; path = Item.swift; sourceTree = "<group>"; };
		D007C2722BDB64F0005F2A29 /* Assets.xcassets */ = {isa = PBXFileReference; lastKnownFileType = folder.assetcatalog; path = Assets.xcassets; sourceTree = "<group>"; };
		D007C2752BDB64F0005F2A29 /* Preview Assets.xcassets */ = {isa = PBXFileReference; lastKnownFileType = folder.assetcatalog; path = "Preview Assets.xcassets"; sourceTree = "<group>"; };
		D02FB36A2BDEA000009B4875 /* homeSwiftUIView.swift */ = {isa = PBXFileReference; lastKnownFileType = sourcecode.swift; path = homeSwiftUIView.swift; sourceTree = "<group>"; };
		D02FB36D2BDEBAFC009B4875 /* painRecordSwiftUIView.swift */ = {isa = PBXFileReference; lastKnownFileType = sourcecode.swift; path = painRecordSwiftUIView.swift; sourceTree = "<group>"; };
		D02FB36F2BDF4426009B4875 /* tabSwiftUIView.swift */ = {isa = PBXFileReference; lastKnownFileType = sourcecode.swift; path = tabSwiftUIView.swift; sourceTree = "<group>"; };
		D02FB3722BDF451F009B4875 /* painStatSwiftUIView.swift */ = {isa = PBXFileReference; lastKnownFileType = sourcecode.swift; path = painStatSwiftUIView.swift; sourceTree = "<group>"; };
		D02FB3752BDF4555009B4875 /* myPageSwiftUIView.swift */ = {isa = PBXFileReference; lastKnownFileType = sourcecode.swift; path = myPageSwiftUIView.swift; sourceTree = "<group>"; };
/* End PBXFileReference section */

/* Begin PBXFrameworksBuildPhase section */
		D007C2662BDB64EE005F2A29 /* Frameworks */ = {
			isa = PBXFrameworksBuildPhase;
			buildActionMask = 2147483647;
			files = (
			);
			runOnlyForDeploymentPostprocessing = 0;
		};
/* End PBXFrameworksBuildPhase section */

/* Begin PBXGroup section */
		D007C2602BDB64EE005F2A29 = {
			isa = PBXGroup;
			children = (
				D007C26B2BDB64EE005F2A29 /* PainT */,
				D007C26A2BDB64EE005F2A29 /* Products */,
			);
			sourceTree = "<group>";
		};
		D007C26A2BDB64EE005F2A29 /* Products */ = {
			isa = PBXGroup;
			children = (
				D007C2692BDB64EE005F2A29 /* PainT.app */,
			);
			name = Products;
			sourceTree = "<group>";
		};
		D007C26B2BDB64EE005F2A29 /* PainT */ = {
			isa = PBXGroup;
			children = (
				D02FB3742BDF4546009B4875 /* MyPage */,
				D02FB3712BDF450B009B4875 /* PainStat */,
				D02FB36C2BDEBAE7009B4875 /* PainRecord */,
				D02FB3692BDE9F69009B4875 /* Home */,
				D007C26C2BDB64EE005F2A29 /* PainTApp.swift */,
				D007C26E2BDB64EE005F2A29 /* ContentView.swift */,
				D007C2702BDB64EE005F2A29 /* Item.swift */,
				D007C2722BDB64F0005F2A29 /* Assets.xcassets */,
				D007C2742BDB64F0005F2A29 /* Preview Content */,
			);
			path = PainT;
			sourceTree = "<group>";
		};
		D007C2742BDB64F0005F2A29 /* Preview Content */ = {
			isa = PBXGroup;
			children = (
				D007C2752BDB64F0005F2A29 /* Preview Assets.xcassets */,
			);
			path = "Preview Content";
			sourceTree = "<group>";
		};
		D02FB3692BDE9F69009B4875 /* Home */ = {
			isa = PBXGroup;
			children = (
				D02FB36A2BDEA000009B4875 /* homeSwiftUIView.swift */,
				D02FB36F2BDF4426009B4875 /* tabSwiftUIView.swift */,
			);
			path = Home;
			sourceTree = "<group>";
		};
		D02FB36C2BDEBAE7009B4875 /* PainRecord */ = {
			isa = PBXGroup;
			children = (
				D02FB36D2BDEBAFC009B4875 /* painRecordSwiftUIView.swift */,
			);
			path = PainRecord;
			sourceTree = "<group>";
		};
		D02FB3712BDF450B009B4875 /* PainStat */ = {
			isa = PBXGroup;
			children = (
				D02FB3722BDF451F009B4875 /* painStatSwiftUIView.swift */,
			);
			path = PainStat;
			sourceTree = "<group>";
		};
		D02FB3742BDF4546009B4875 /* MyPage */ = {
			isa = PBXGroup;
			children = (
				D02FB3752BDF4555009B4875 /* myPageSwiftUIView.swift */,
			);
			path = MyPage;
			sourceTree = "<group>";
		};
/* End PBXGroup section */

/* Begin PBXNativeTarget section */
		D007C2682BDB64EE005F2A29 /* PainT */ = {
			isa = PBXNativeTarget;
			buildConfigurationList = D007C2792BDB64F0005F2A29 /* Build configuration list for PBXNativeTarget "PainT" */;
			buildPhases = (
				D007C2652BDB64EE005F2A29 /* Sources */,
				D007C2662BDB64EE005F2A29 /* Frameworks */,
				D007C2672BDB64EE005F2A29 /* Resources */,
			);
			buildRules = (
			);
			dependencies = (
			);
			name = PainT;
			productName = PainT;
			productReference = D007C2692BDB64EE005F2A29 /* PainT.app */;
			productType = "com.apple.product-type.application";
		};
/* End PBXNativeTarget section */

/* Begin PBXProject section */
		D007C2612BDB64EE005F2A29 /* Project object */ = {
			isa = PBXProject;
			attributes = {
				BuildIndependentTargetsInParallel = 1;
				LastSwiftUpdateCheck = 1530;
				LastUpgradeCheck = 1530;
				TargetAttributes = {
					D007C2682BDB64EE005F2A29 = {
						CreatedOnToolsVersion = 15.3;
					};
				};
			};
			buildConfigurationList = D007C2642BDB64EE005F2A29 /* Build configuration list for PBXProject "PainT" */;
			compatibilityVersion = "Xcode 14.0";
			developmentRegion = en;
			hasScannedForEncodings = 0;
			knownRegions = (
				en,
				Base,
			);
			mainGroup = D007C2602BDB64EE005F2A29;
			productRefGroup = D007C26A2BDB64EE005F2A29 /* Products */;
			projectDirPath = "";
			projectRoot = "";
			targets = (
				D007C2682BDB64EE005F2A29 /* PainT */,
			);
		};
/* End PBXProject section */

/* Begin PBXResourcesBuildPhase section */
		D007C2672BDB64EE005F2A29 /* Resources */ = {
			isa = PBXResourcesBuildPhase;
			buildActionMask = 2147483647;
			files = (
				D007C2762BDB64F0005F2A29 /* Preview Assets.xcassets in Resources */,
				D007C2732BDB64F0005F2A29 /* Assets.xcassets in Resources */,
			);
			runOnlyForDeploymentPostprocessing = 0;
		};
/* End PBXResourcesBuildPhase section */

/* Begin PBXSourcesBuildPhase section */
		D007C2652BDB64EE005F2A29 /* Sources */ = {
			isa = PBXSourcesBuildPhase;
			buildActionMask = 2147483647;
			files = (
				D02FB3732BDF451F009B4875 /* painStatSwiftUIView.swift in Sources */,
				D007C26F2BDB64EE005F2A29 /* ContentView.swift in Sources */,
				D007C2712BDB64EE005F2A29 /* Item.swift in Sources */,
				D02FB3762BDF4555009B4875 /* myPageSwiftUIView.swift in Sources */,
				D007C26D2BDB64EE005F2A29 /* PainTApp.swift in Sources */,
				D02FB36E2BDEBAFC009B4875 /* painRecordSwiftUIView.swift in Sources */,
				D02FB3702BDF4427009B4875 /* tabSwiftUIView.swift in Sources */,
				D02FB36B2BDEA000009B4875 /* homeSwiftUIView.swift in Sources */,
			);
			runOnlyForDeploymentPostprocessing = 0;
		};
/* End PBXSourcesBuildPhase section */

/* Begin XCBuildConfiguration section */
		D007C2772BDB64F0005F2A29 /* Debug */ = {
			isa = XCBuildConfiguration;
			buildSettings = {
				ALWAYS_SEARCH_USER_PATHS = NO;
				ASSETCATALOG_COMPILER_GENERATE_SWIFT_ASSET_SYMBOL_EXTENSIONS = YES;
				CLANG_ANALYZER_NONNULL = YES;
				CLANG_ANALYZER_NUMBER_OBJECT_CONVERSION = YES_AGGRESSIVE;
				CLANG_CXX_LANGUAGE_STANDARD = "gnu++20";
				CLANG_ENABLE_MODULES = YES;
				CLANG_ENABLE_OBJC_ARC = YES;
				CLANG_ENABLE_OBJC_WEAK = YES;
				CLANG_WARN_BLOCK_CAPTURE_AUTORELEASING = YES;
				CLANG_WARN_BOOL_CONVERSION = YES;
				CLANG_WARN_COMMA = YES;
				CLANG_WARN_CONSTANT_CONVERSION = YES;
				CLANG_WARN_DEPRECATED_OBJC_IMPLEMENTATIONS = YES;
				CLANG_WARN_DIRECT_OBJC_ISA_USAGE = YES_ERROR;
				CLANG_WARN_DOCUMENTATION_COMMENTS = YES;
				CLANG_WARN_EMPTY_BODY = YES;
				CLANG_WARN_ENUM_CONVERSION = YES;
				CLANG_WARN_INFINITE_RECURSION = YES;
				CLANG_WARN_INT_CONVERSION = YES;
				CLANG_WARN_NON_LITERAL_NULL_CONVERSION = YES;
				CLANG_WARN_OBJC_IMPLICIT_RETAIN_SELF = YES;
				CLANG_WARN_OBJC_LITERAL_CONVERSION = YES;
				CLANG_WARN_OBJC_ROOT_CLASS = YES_ERROR;
				CLANG_WARN_QUOTED_INCLUDE_IN_FRAMEWORK_HEADER = YES;
				CLANG_WARN_RANGE_LOOP_ANALYSIS = YES;
				CLANG_WARN_STRICT_PROTOTYPES = YES;
				CLANG_WARN_SUSPICIOUS_MOVE = YES;
				CLANG_WARN_UNGUARDED_AVAILABILITY = YES_AGGRESSIVE;
				CLANG_WARN_UNREACHABLE_CODE = YES;
				CLANG_WARN__DUPLICATE_METHOD_MATCH = YES;
				COPY_PHASE_STRIP = NO;
				DEBUG_INFORMATION_FORMAT = dwarf;
				ENABLE_STRICT_OBJC_MSGSEND = YES;
				ENABLE_TESTABILITY = YES;
				ENABLE_USER_SCRIPT_SANDBOXING = YES;
				GCC_C_LANGUAGE_STANDARD = gnu17;
				GCC_DYNAMIC_NO_PIC = NO;
				GCC_NO_COMMON_BLOCKS = YES;
				GCC_OPTIMIZATION_LEVEL = 0;
				GCC_PREPROCESSOR_DEFINITIONS = (
					"DEBUG=1",
					"$(inherited)",
				);
				GCC_WARN_64_TO_32_BIT_CONVERSION = YES;
				GCC_WARN_ABOUT_RETURN_TYPE = YES_ERROR;
				GCC_WARN_UNDECLARED_SELECTOR = YES;
				GCC_WARN_UNINITIALIZED_AUTOS = YES_AGGRESSIVE;
				GCC_WARN_UNUSED_FUNCTION = YES;
				GCC_WARN_UNUSED_VARIABLE = YES;
				IPHONEOS_DEPLOYMENT_TARGET = 17.4;
				LOCALIZATION_PREFERS_STRING_CATALOGS = YES;
				MTL_ENABLE_DEBUG_INFO = INCLUDE_SOURCE;
				MTL_FAST_MATH = YES;
				ONLY_ACTIVE_ARCH = YES;
				SDKROOT = iphoneos;
				SWIFT_ACTIVE_COMPILATION_CONDITIONS = "DEBUG $(inherited)";
				SWIFT_OPTIMIZATION_LEVEL = "-Onone";
			};
			name = Debug;
		};
		D007C2782BDB64F0005F2A29 /* Release */ = {
			isa = XCBuildConfiguration;
			buildSettings = {
				ALWAYS_SEARCH_USER_PATHS = NO;
				ASSETCATALOG_COMPILER_GENERATE_SWIFT_ASSET_SYMBOL_EXTENSIONS = YES;
				CLANG_ANALYZER_NONNULL = YES;
				CLANG_ANALYZER_NUMBER_OBJECT_CONVERSION = YES_AGGRESSIVE;
				CLANG_CXX_LANGUAGE_STANDARD = "gnu++20";
				CLANG_ENABLE_MODULES = YES;
				CLANG_ENABLE_OBJC_ARC = YES;
				CLANG_ENABLE_OBJC_WEAK = YES;
				CLANG_WARN_BLOCK_CAPTURE_AUTORELEASING = YES;
				CLANG_WARN_BOOL_CONVERSION = YES;
				CLANG_WARN_COMMA = YES;
				CLANG_WARN_CONSTANT_CONVERSION = YES;
				CLANG_WARN_DEPRECATED_OBJC_IMPLEMENTATIONS = YES;
				CLANG_WARN_DIRECT_OBJC_ISA_USAGE = YES_ERROR;
				CLANG_WARN_DOCUMENTATION_COMMENTS = YES;
				CLANG_WARN_EMPTY_BODY = YES;
				CLANG_WARN_ENUM_CONVERSION = YES;
				CLANG_WARN_INFINITE_RECURSION = YES;
				CLANG_WARN_INT_CONVERSION = YES;
				CLANG_WARN_NON_LITERAL_NULL_CONVERSION = YES;
				CLANG_WARN_OBJC_IMPLICIT_RETAIN_SELF = YES;
				CLANG_WARN_OBJC_LITERAL_CONVERSION = YES;
				CLANG_WARN_OBJC_ROOT_CLASS = YES_ERROR;
				CLANG_WARN_QUOTED_INCLUDE_IN_FRAMEWORK_HEADER = YES;
				CLANG_WARN_RANGE_LOOP_ANALYSIS = YES;
				CLANG_WARN_STRICT_PROTOTYPES = YES;
				CLANG_WARN_SUSPICIOUS_MOVE = YES;
				CLANG_WARN_UNGUARDED_AVAILABILITY = YES_AGGRESSIVE;
				CLANG_WARN_UNREACHABLE_CODE = YES;
				CLANG_WARN__DUPLICATE_METHOD_MATCH = YES;
				COPY_PHASE_STRIP = NO;
				DEBUG_INFORMATION_FORMAT = "dwarf-with-dsym";
				ENABLE_NS_ASSERTIONS = NO;
				ENABLE_STRICT_OBJC_MSGSEND = YES;
				ENABLE_USER_SCRIPT_SANDBOXING = YES;
				GCC_C_LANGUAGE_STANDARD = gnu17;
				GCC_NO_COMMON_BLOCKS = YES;
				GCC_WARN_64_TO_32_BIT_CONVERSION = YES;
				GCC_WARN_ABOUT_RETURN_TYPE = YES_ERROR;
				GCC_WARN_UNDECLARED_SELECTOR = YES;
				GCC_WARN_UNINITIALIZED_AUTOS = YES_AGGRESSIVE;
				GCC_WARN_UNUSED_FUNCTION = YES;
				GCC_WARN_UNUSED_VARIABLE = YES;
				IPHONEOS_DEPLOYMENT_TARGET = 17.4;
				LOCALIZATION_PREFERS_STRING_CATALOGS = YES;
				MTL_ENABLE_DEBUG_INFO = NO;
				MTL_FAST_MATH = YES;
				SDKROOT = iphoneos;
				SWIFT_COMPILATION_MODE = wholemodule;
				VALIDATE_PRODUCT = YES;
			};
			name = Release;
		};
		D007C27A2BDB64F0005F2A29 /* Debug */ = {
			isa = XCBuildConfiguration;
			buildSettings = {
				ASSETCATALOG_COMPILER_APPICON_NAME = AppIcon;
				ASSETCATALOG_COMPILER_GLOBAL_ACCENT_COLOR_NAME = AccentColor;
				CODE_SIGN_STYLE = Automatic;
				CURRENT_PROJECT_VERSION = 1;
				DEVELOPMENT_ASSET_PATHS = "\"PainT/Preview Content\"";
				DEVELOPMENT_TEAM = SB87AFXHM2;
				ENABLE_PREVIEWS = YES;
				GENERATE_INFOPLIST_FILE = YES;
				INFOPLIST_KEY_UIApplicationSceneManifest_Generation = YES;
				INFOPLIST_KEY_UIApplicationSupportsIndirectInputEvents = YES;
				INFOPLIST_KEY_UILaunchScreen_Generation = YES;
				INFOPLIST_KEY_UISupportedInterfaceOrientations_iPad = "UIInterfaceOrientationPortrait UIInterfaceOrientationPortraitUpsideDown UIInterfaceOrientationLandscapeLeft UIInterfaceOrientationLandscapeRight";
				INFOPLIST_KEY_UISupportedInterfaceOrientations_iPhone = "UIInterfaceOrientationPortrait UIInterfaceOrientationLandscapeLeft UIInterfaceOrientationLandscapeRight";
				LD_RUNPATH_SEARCH_PATHS = (
					"$(inherited)",
					"@executable_path/Frameworks",
				);
				MARKETING_VERSION = 1.0;
				PRODUCT_BUNDLE_IDENTIFIER = "com.Chii-U.PainT";
				PRODUCT_NAME = "$(TARGET_NAME)";
				SWIFT_EMIT_LOC_STRINGS = YES;
				SWIFT_VERSION = 5.0;
				TARGETED_DEVICE_FAMILY = "1,2";
			};
			name = Debug;
		};
		D007C27B2BDB64F0005F2A29 /* Release */ = {
			isa = XCBuildConfiguration;
			buildSettings = {
				ASSETCATALOG_COMPILER_APPICON_NAME = AppIcon;
				ASSETCATALOG_COMPILER_GLOBAL_ACCENT_COLOR_NAME = AccentColor;
				CODE_SIGN_STYLE = Automatic;
				CURRENT_PROJECT_VERSION = 1;
				DEVELOPMENT_ASSET_PATHS = "\"PainT/Preview Content\"";
				DEVELOPMENT_TEAM = SB87AFXHM2;
				ENABLE_PREVIEWS = YES;
				GENERATE_INFOPLIST_FILE = YES;
				INFOPLIST_KEY_UIApplicationSceneManifest_Generation = YES;
				INFOPLIST_KEY_UIApplicationSupportsIndirectInputEvents = YES;
				INFOPLIST_KEY_UILaunchScreen_Generation = YES;
				INFOPLIST_KEY_UISupportedInterfaceOrientations_iPad = "UIInterfaceOrientationPortrait UIInterfaceOrientationPortraitUpsideDown UIInterfaceOrientationLandscapeLeft UIInterfaceOrientationLandscapeRight";
				INFOPLIST_KEY_UISupportedInterfaceOrientations_iPhone = "UIInterfaceOrientationPortrait UIInterfaceOrientationLandscapeLeft UIInterfaceOrientationLandscapeRight";
				LD_RUNPATH_SEARCH_PATHS = (
					"$(inherited)",
					"@executable_path/Frameworks",
				);
				MARKETING_VERSION = 1.0;
				PRODUCT_BUNDLE_IDENTIFIER = "com.Chii-U.PainT";
				PRODUCT_NAME = "$(TARGET_NAME)";
				SWIFT_EMIT_LOC_STRINGS = YES;
				SWIFT_VERSION = 5.0;
				TARGETED_DEVICE_FAMILY = "1,2";
			};
			name = Release;
		};
/* End XCBuildConfiguration section */

/* Begin XCConfigurationList section */
		D007C2642BDB64EE005F2A29 /* Build configuration list for PBXProject "PainT" */ = {
			isa = XCConfigurationList;
			buildConfigurations = (
				D007C2772BDB64F0005F2A29 /* Debug */,
				D007C2782BDB64F0005F2A29 /* Release */,
			);
			defaultConfigurationIsVisible = 0;
			defaultConfigurationName = Release;
		};
		D007C2792BDB64F0005F2A29 /* Build configuration list for PBXNativeTarget "PainT" */ = {
			isa = XCConfigurationList;
			buildConfigurations = (
				D007C27A2BDB64F0005F2A29 /* Debug */,
				D007C27B2BDB64F0005F2A29 /* Release */,
			);
			defaultConfigurationIsVisible = 0;
			defaultConfigurationName = Release;
		};
/* End XCConfigurationList section */
	};
	rootObject = D007C2612BDB64EE005F2A29 /* Project object */;
}
